
Microsoft Visual Studio Solution File, Format Version 12.00
# Visual Studio 15
Project("{FAE04EC0-301F-11D3-BF4B-00C04F79EFBC}") = "Assembly-CSharp", "Assembly-CSharp.csproj", "{01C98EAA-3E62-9D62-D684-D924E689977A}"
EndProject
Project("{FAE04EC0-301F-11D3-BF4B-00C04F79EFBC}") = "Assembly-CSharp-firstpass", "Assembly-CSharp-firstpass.csproj", "{0FE2D2B5-BD5A-49C1-2621-8069EE92FFDD}"
EndProject
Project("{FAE04EC0-301F-11D3-BF4B-00C04F79EFBC}") = "SteamVR", "SteamVR.csproj", "{A8906880-D7BA-FA9D-F0FC-55D646AAAECD}"
EndProject
Project("{FAE04EC0-301F-11D3-BF4B-00C04F79EFBC}") = "Assembly-CSharp-Editor-firstpass", "Assembly-CSharp-Editor-firstpass.csproj", "{B7DEF619-B1E3-1DE8-0ECB-7E2CBB27E953}"
EndProject
Project("{FAE04EC0-301F-11D3-BF4B-00C04F79EFBC}") = "SteamVR_Editor", "SteamVR_Editor.csproj", "{A15D4051-9C64-02D9-2AE9-E3F2AB986B42}"
EndProject
Project("{FAE04EC0-301F-11D3-BF4B-00C04F79EFBC}") = "SteamVR_Input_Editor", "SteamVR_Input_Editor.csproj", "{EED75EE4-9F71-D430-8477-299CB9E83778}"
EndProject
Project("{FAE04EC0-301F-11D3-BF4B-00C04F79EFBC}") = "SteamVR_Windows_EditorHelper", "SteamVR_Windows_EditorHelper.csproj", "{BFC3A7EE-6234-6BEA-17F5-B1DF476761F9}"
EndProject
Global
	GlobalSection(SolutionConfigurationPlatforms) = preSolution
		Debug|Any CPU = Debug|Any CPU
		Release|Any CPU = Release|Any CPU
	EndGlobalSection
	GlobalSection(ProjectConfigurationPlatforms) = postSolution
		{01C98EAA-3E62-9D62-D684-D924E689977A}.Debug|Any CPU.ActiveCfg = Debug|Any CPU
		{01C98EAA-3E62-9D62-D684-D924E689977A}.Debug|Any CPU.Build.0 = Debug|Any CPU
		{01C98EAA-3E62-9D62-D684-D924E689977A}.Release|Any CPU.ActiveCfg = Release|Any CPU
		{01C98EAA-3E62-9D62-D684-D924E689977A}.Release|Any CPU.Build.0 = Release|Any CPU
		{0FE2D2B5-BD5A-49C1-2621-8069EE92FFDD}.Debug|Any CPU.ActiveCfg = Debug|Any CPU
		{0FE2D2B5-BD5A-49C1-2621-8069EE92FFDD}.Debug|Any CPU.Build.0 = Debug|Any CPU
		{0FE2D2B5-BD5A-49C1-2621-8069EE92FFDD}.Release|Any CPU.ActiveCfg = Release|Any CPU
		{0FE2D2B5-BD5A-49C1-2621-8069EE92FFDD}.Release|Any CPU.Build.0 = Release|Any CPU
		{A8906880-D7BA-FA9D-F0FC-55D646AAAECD}.Debug|Any CPU.ActiveCfg = Debug|Any CPU
		{A8906880-D7BA-FA9D-F0FC-55D646AAAECD}.Debug|Any CPU.Build.0 = Debug|Any CPU
		{A8906880-D7BA-FA9D-F0FC-55D646AAAECD}.Release|Any CPU.ActiveCfg = Release|Any CPU
		{A8906880-D7BA-FA9D-F0FC-55D646AAAECD}.Release|Any CPU.Build.0 = Release|Any CPU
		{B7DEF619-B1E3-1DE8-0ECB-7E2CBB27E953}.Debug|Any CPU.ActiveCfg = Debug|Any CPU
		{B7DEF619-B1E3-1DE8-0ECB-7E2CBB27E953}.Debug|Any CPU.Build.0 = Debug|Any CPU
		{B7DEF619-B1E3-1DE8-0ECB-7E2CBB27E953}.Release|Any CPU.ActiveCfg = Release|Any CPU
		{B7DEF619-B1E3-1DE8-0ECB-7E2CBB27E953}.Release|Any CPU.Build.0 = Release|Any CPU
		{A15D4051-9C64-02D9-2AE9-E3F2AB986B42}.Debug|Any CPU.ActiveCfg = Debug|Any CPU
		{A15D4051-9C64-02D9-2AE9-E3F2AB986B42}.Debug|Any CPU.Build.0 = Debug|Any CPU
		{A15D4051-9C64-02D9-2AE9-E3F2AB986B42}.Release|Any CPU.ActiveCfg = Release|Any CPU
		{A15D4051-9C64-02D9-2AE9-E3F2AB986B42}.Release|Any CPU.Build.0 = Release|Any CPU
		{EED75EE4-9F71-D430-8477-299CB9E83778}.Debug|Any CPU.ActiveCfg = Debug|Any CPU
		{EED75EE4-9F71-D430-8477-299CB9E83778}.Debug|Any CPU.Build.0 = Debug|Any CPU
		{EED75EE4-9F71-D430-8477-299CB9E83778}.Release|Any CPU.ActiveCfg = Release|Any CPU
		{EED75EE4-9F71-D430-8477-299CB9E83778}.Release|Any CPU.Build.0 = Release|Any CPU
		{BFC3A7EE-6234-6BEA-17F5-B1DF476761F9}.Debug|Any CPU.ActiveCfg = Debug|Any CPU
		{BFC3A7EE-6234-6BEA-17F5-B1DF476761F9}.Debug|Any CPU.Build.0 = Debug|Any CPU
		{BFC3A7EE-6234-6BEA-17F5-B1DF476761F9}.Release|Any CPU.ActiveCfg = Release|Any CPU
		{BFC3A7EE-6234-6BEA-17F5-B1DF476761F9}.Release|Any CPU.Build.0 = Release|Any CPU
	EndGlobalSection
	GlobalSection(SolutionProperties) = preSolution
		HideSolutionNode = FALSE
	EndGlobalSection
EndGlobal
